{
  "version": 4,
  "terraform_version": "1.4.6",
  "serial": 5,
  "lineage": "800f7efe-c24f-f9b1-9a42-4e609e36afa1",
  "outputs": {
    "kubernetes_cluster_host": {
      "value": "35.185.9.88",
      "type": "string"
    },
    "kubernetes_cluster_name": {
      "value": "sap-dollar-tree-tst-mg-gke",
      "type": "string"
    },
    "project_id": {
      "value": "sap-dollar-tree-tst-mg",
      "type": "string"
    },
    "region": {
      "value": "us-east1",
      "type": "string"
    }
  },
  "resources": [
    {
      "mode": "managed",
      "type": "google_compute_network",
      "name": "vpc",
      "provider": "provider[\"registry.terraform.io/hashicorp/google\"]",
      "instances": [
        {
          "schema_version": 0,
          "attributes": {
            "auto_create_subnetworks": false,
            "delete_default_routes_on_create": false,
            "description": "",
            "enable_ula_internal_ipv6": false,
            "gateway_ipv4": "",
            "id": "projects/sap-dollar-tree-tst-mg/global/networks/sap-dollar-tree-tst-mg-vpc",
            "internal_ipv6_range": "",
            "mtu": 0,
            "name": "sap-dollar-tree-tst-mg-vpc",
            "project": "sap-dollar-tree-tst-mg",
            "routing_mode": "REGIONAL",
            "self_link": "https://www.googleapis.com/compute/v1/projects/sap-dollar-tree-tst-mg/global/networks/sap-dollar-tree-tst-mg-vpc",
            "timeouts": null
          },
          "sensitive_attributes": [],
          "private": "eyJlMmJmYjczMC1lY2FhLTExZTYtOGY4OC0zNDM2M2JjN2M0YzAiOnsiY3JlYXRlIjoxMjAwMDAwMDAwMDAwLCJkZWxldGUiOjEyMDAwMDAwMDAwMDAsInVwZGF0ZSI6MTIwMDAwMDAwMDAwMH19"
        }
      ]
    },
    {
      "mode": "managed",
      "type": "google_compute_subnetwork",
      "name": "subnet",
      "provider": "provider[\"registry.terraform.io/hashicorp/google\"]",
      "instances": [
        {
          "schema_version": 0,
          "attributes": {
            "creation_timestamp": "2023-06-09T13:01:41.831-07:00",
            "description": "",
            "external_ipv6_prefix": "",
            "fingerprint": null,
            "gateway_address": "10.10.0.1",
            "id": "projects/sap-dollar-tree-tst-mg/regions/us-east1/subnetworks/sap-dollar-tree-tst-mg-subnet",
            "ip_cidr_range": "10.10.0.0/24",
            "ipv6_access_type": "",
            "ipv6_cidr_range": "",
            "log_config": [],
            "name": "sap-dollar-tree-tst-mg-subnet",
            "network": "https://www.googleapis.com/compute/v1/projects/sap-dollar-tree-tst-mg/global/networks/sap-dollar-tree-tst-mg-vpc",
            "private_ip_google_access": false,
            "private_ipv6_google_access": "DISABLE_GOOGLE_ACCESS",
            "project": "sap-dollar-tree-tst-mg",
            "purpose": "PRIVATE",
            "region": "us-east1",
            "role": "",
            "secondary_ip_range": [],
            "self_link": "https://www.googleapis.com/compute/v1/projects/sap-dollar-tree-tst-mg/regions/us-east1/subnetworks/sap-dollar-tree-tst-mg-subnet",
            "stack_type": "IPV4_ONLY",
            "timeouts": null
          },
          "sensitive_attributes": [],
          "private": "eyJlMmJmYjczMC1lY2FhLTExZTYtOGY4OC0zNDM2M2JjN2M0YzAiOnsiY3JlYXRlIjoxMjAwMDAwMDAwMDAwLCJkZWxldGUiOjEyMDAwMDAwMDAwMDAsInVwZGF0ZSI6MTIwMDAwMDAwMDAwMH19",
          "dependencies": [
            "google_compute_network.vpc"
          ]
        }
      ]
    },
    {
      "mode": "managed",
      "type": "google_container_cluster",
      "name": "primary",
      "provider": "provider[\"registry.terraform.io/hashicorp/google\"]",
      "instances": [
        {
          "schema_version": 1,
          "attributes": {
            "addons_config": [
              {
                "cloudrun_config": [],
                "gcp_filestore_csi_driver_config": [],
                "horizontal_pod_autoscaling": [],
                "http_load_balancing": [],
                "network_policy_config": [
                  {
                    "disabled": true
                  }
                ]
              }
            ],
            "authenticator_groups_config": [],
            "cluster_autoscaling": [
              {
                "auto_provisioning_defaults": [],
                "enabled": false,
                "resource_limits": []
              }
            ],
            "cluster_ipv4_cidr": "10.212.0.0/14",
            "confidential_nodes": [],
            "database_encryption": [
              {
                "key_name": "",
                "state": "DECRYPTED"
              }
            ],
            "datapath_provider": "",
            "default_max_pods_per_node": null,
            "default_snat_status": [
              {
                "disabled": false
              }
            ],
            "description": "",
            "dns_config": [],
            "enable_autopilot": false,
            "enable_binary_authorization": false,
            "enable_intranode_visibility": false,
            "enable_kubernetes_alpha": false,
            "enable_legacy_abac": false,
            "enable_shielded_nodes": true,
            "enable_tpu": false,
            "endpoint": "35.185.9.88",
            "id": "projects/sap-dollar-tree-tst-mg/locations/us-east1/clusters/sap-dollar-tree-tst-mg-gke",
            "initial_node_count": 1,
            "ip_allocation_policy": [],
            "label_fingerprint": "a9dc16a7",
            "location": "us-east1",
            "logging_config": [
              {
                "enable_components": [
                  "SYSTEM_COMPONENTS",
                  "WORKLOADS"
                ]
              }
            ],
            "logging_service": "logging.googleapis.com/kubernetes",
            "maintenance_policy": [],
            "master_auth": [
              {
                "client_certificate": "",
                "client_certificate_config": [
                  {
                    "issue_client_certificate": false
                  }
                ],
                "client_key": "",
                "cluster_ca_certificate": "LS0tLS1CRUdJTiBDRVJUSUZJQ0FURS0tLS0tCk1JSUVMVENDQXBXZ0F3SUJBZ0lSQUtYaDlXM0VGVEc1cFVURnZPOUZoUWd3RFFZSktvWklodmNOQVFFTEJRQXcKTHpFdE1Dc0dBMVVFQXhNa05UbGpNVEJpT1RVdFlXWTBNQzAwTVRGaUxXSXlOMkl0TlRFd1l6TXhZalZsTnprNQpNQ0FYRFRJek1EWXdPVEU1TURFMU5Wb1lEekl3TlRNd05qQXhNakF3TVRVMVdqQXZNUzB3S3dZRFZRUURFeVExCk9XTXhNR0k1TlMxaFpqUXdMVFF4TVdJdFlqSTNZaTAxTVRCak16RmlOV1UzT1Rrd2dnR2lNQTBHQ1NxR1NJYjMKRFFFQkFRVUFBNElCandBd2dnR0tBb0lCZ1FDM2tFeTh0UTNVeWFKS25DaWRpdXZpOFZXWkdpSGt3TkUzZlBvMgpjRnc3RzhVOW1DaHZ3Q0xWNWpEQnU5UFA2NnBFZDRoK3RuNitqMzYya0hScUVRdXdvVkprQ1NNcE0rM0lXc25ECnNLNU1Ha3dWVHFyeUVVRXlJNjlHKzZEVWMwV09aOG9kQUlWTG01eVRna0M1WGY2aC8wNUw1bnp4Y1g1bDZ0UFMKd1pwWHNHcWh5SGhJdjRTb0p1N0ZnSlFaeCt1YkhObk55MzJLUEtmQUY0ODZBK3pNQXlxeUo2WTROVWlJY0FvNQoxRU1pNGplMGlsamdlcXRhOTc5SHVOMC9lbmc5dXVSRUcrTWNnNlV2WnpSeGg0YzFjanNlVDN0RGkyZUhpUW1CCklKZUI5bGNGQTYvV2U5TDNQamRPMFJYbm4wV2dtWnBJcmFycFlzcWkxdVlGRStFbXpnN0puZkhsRk9MZS8wbGYKY1o5VzYvMUJWK1ZVaTJDd3U5WlJOQlRwTitzZnB3U29Ba01hZUwxWThCT3c1Q2ZQcndWd1E3Z2tjTXlLaCtEYQpFb1pKZ2ZBTnBtdTZrWWl2MWpHMW9rZWZQb0t6MGYrcEhFZU1XNll3bmFHR2xZUkdWL21meFJIVkRVVmFaSkRxCmlvcVRna0FpelkrYW5aQ1AwZDJhYUVVWklXa0NBd0VBQWFOQ01FQXdEZ1lEVlIwUEFRSC9CQVFEQWdJRU1BOEcKQTFVZEV3RUIvd1FGTUFNQkFmOHdIUVlEVlIwT0JCWUVGTnMvdWo4YU9zM290YUQrT3kvN0x0YThXZ3M5TUEwRwpDU3FHU0liM0RRRUJDd1VBQTRJQmdRQkRPZW1wZUN2Z3BtSnFwMm9Na1g3VCsranV5UzdIeFRIWENRMmdmNWtTCnZHT2hqNDFOdmUyc3QzWnNJUXZ4MTFNUTJhWkcwK25aQTJYaG9GUVNDQTBLSzd0QXd2M245VUR6Sis3cjEvUUYKS04rb3NOYUVTQWFQV2E2MXFxTkZVaHBsVE9BY2Y0aFo5bExaNU9vQ0lJSlBYVkdnQkdUWW5BNkxTTnFaWW5OKwpvM0ZBOGNTUHY3TnNsdFZwNXNRQ2JNZFdXZExNMk9reG44Wm5MQ0VhWE1WSmJvaC9JOXUzZHBjZ01teTMyaGNXCnNUbW9OczgzbDZidWJKeXVTNnFKSFN5UXlEcFRXck9zT0hOckZLU1JTdXBmQTV5VkdTU2hvbm1UdUFsVWtUbXkKaVBiSjZ6YUsrQTNSUVdYOWEvYWRDSG11WWk5d3M0Q1pkbmVOTUhLRm9BUzAzWDR6bVBHTEJjMkFmclMzb2RDQwpZOFpHRHlJQm10eURSalUyeUJvM0tQUUtPN3MvcG82N2k5TTl2WVF6cEcrQkptRDM0N3VjcjE2Tmo0RG0yUTdOCjhlbHV5b25iNFQvNTdXSFVaWGdlUnEybi8vZGNUYW4xUVN0TFV1cDBaRWhER3JlV0dsTFBUdGhxYjg1ak9Ia3gKWE1vUy9WTWRHZFB6dmhEVGh3WGpCWTA9Ci0tLS0tRU5EIENFUlRJRklDQVRFLS0tLS0K"
              }
            ],
            "master_authorized_networks_config": [],
            "master_version": "1.25.8-gke.500",
            "min_master_version": null,
            "monitoring_config": [
              {
                "enable_components": [
                  "SYSTEM_COMPONENTS"
                ]
              }
            ],
            "monitoring_service": "monitoring.googleapis.com/kubernetes",
            "name": "sap-dollar-tree-tst-mg-gke",
            "network": "projects/sap-dollar-tree-tst-mg/global/networks/sap-dollar-tree-tst-mg-vpc",
            "network_policy": [
              {
                "enabled": false,
                "provider": "PROVIDER_UNSPECIFIED"
              }
            ],
            "networking_mode": "ROUTES",
            "node_config": [],
            "node_locations": [
              "us-east1-b",
              "us-east1-c",
              "us-east1-d"
            ],
            "node_pool": [],
            "node_version": "1.25.8-gke.500",
            "operation": null,
            "private_cluster_config": [
              {
                "enable_private_endpoint": false,
                "enable_private_nodes": false,
                "master_global_access_config": [
                  {
                    "enabled": false
                  }
                ],
                "master_ipv4_cidr_block": "",
                "peering_name": "",
                "private_endpoint": "10.10.0.2",
                "public_endpoint": "35.185.9.88"
              }
            ],
            "private_ipv6_google_access": "",
            "project": "sap-dollar-tree-tst-mg",
            "release_channel": [
              {
                "channel": "REGULAR"
              }
            ],
            "remove_default_node_pool": true,
            "resource_labels": null,
            "resource_usage_export_config": [],
            "self_link": "https://container.googleapis.com/v1/projects/sap-dollar-tree-tst-mg/locations/us-east1/clusters/sap-dollar-tree-tst-mg-gke",
            "services_ipv4_cidr": "10.215.240.0/20",
            "subnetwork": "projects/sap-dollar-tree-tst-mg/regions/us-east1/subnetworks/sap-dollar-tree-tst-mg-subnet",
            "timeouts": null,
            "tpu_ipv4_cidr_block": "",
            "vertical_pod_autoscaling": [],
            "workload_identity_config": []
          },
          "sensitive_attributes": [],
          "private": "eyJlMmJmYjczMC1lY2FhLTExZTYtOGY4OC0zNDM2M2JjN2M0YzAiOnsiY3JlYXRlIjoyNDAwMDAwMDAwMDAwLCJkZWxldGUiOjI0MDAwMDAwMDAwMDAsInJlYWQiOjI0MDAwMDAwMDAwMDAsInVwZGF0ZSI6MzYwMDAwMDAwMDAwMH0sInNjaGVtYV92ZXJzaW9uIjoiMSJ9",
          "dependencies": [
            "google_compute_network.vpc",
            "google_compute_subnetwork.subnet"
          ]
        }
      ]
    },
    {
      "mode": "managed",
      "type": "google_container_node_pool",
      "name": "primary_nodes",
      "provider": "provider[\"registry.terraform.io/hashicorp/google\"]",
      "instances": [
        {
          "schema_version": 1,
          "attributes": {
            "autoscaling": [],
            "cluster": "sap-dollar-tree-tst-mg-gke",
            "id": "projects/sap-dollar-tree-tst-mg/locations/us-east1/clusters/sap-dollar-tree-tst-mg-gke/nodePools/sap-dollar-tree-tst-mg-gke",
            "initial_node_count": 3,
            "instance_group_urls": [
              "https://www.googleapis.com/compute/v1/projects/sap-dollar-tree-tst-mg/zones/us-east1-c/instanceGroupManagers/gke-sap-dollar-tree--sap-dollar-tree--bdd87040-grp",
              "https://www.googleapis.com/compute/v1/projects/sap-dollar-tree-tst-mg/zones/us-east1-b/instanceGroupManagers/gke-sap-dollar-tree--sap-dollar-tree--7e40245e-grp",
              "https://www.googleapis.com/compute/v1/projects/sap-dollar-tree-tst-mg/zones/us-east1-d/instanceGroupManagers/gke-sap-dollar-tree--sap-dollar-tree--7302fcfe-grp"
            ],
            "location": "us-east1",
            "managed_instance_group_urls": [
              "https://www.googleapis.com/compute/v1/projects/sap-dollar-tree-tst-mg/zones/us-east1-c/instanceGroups/gke-sap-dollar-tree--sap-dollar-tree--bdd87040-grp",
              "https://www.googleapis.com/compute/v1/projects/sap-dollar-tree-tst-mg/zones/us-east1-b/instanceGroups/gke-sap-dollar-tree--sap-dollar-tree--7e40245e-grp",
              "https://www.googleapis.com/compute/v1/projects/sap-dollar-tree-tst-mg/zones/us-east1-d/instanceGroups/gke-sap-dollar-tree--sap-dollar-tree--7302fcfe-grp"
            ],
            "management": [
              {
                "auto_repair": true,
                "auto_upgrade": true
              }
            ],
            "max_pods_per_node": null,
            "name": "sap-dollar-tree-tst-mg-gke",
            "name_prefix": "",
            "node_config": [
              {
                "boot_disk_kms_key": "",
                "disk_size_gb": 100,
                "disk_type": "pd-balanced",
                "gcfs_config": [],
                "guest_accelerator": [],
                "gvnic": [],
                "image_type": "COS_CONTAINERD",
                "labels": {
                  "env": "sap-dollar-tree-tst-mg"
                },
                "local_ssd_count": 0,
                "machine_type": "n1-standard-1",
                "metadata": {
                  "disable-legacy-endpoints": "true"
                },
                "min_cpu_platform": "",
                "node_group": "",
                "oauth_scopes": [
                  "https://www.googleapis.com/auth/logging.write",
                  "https://www.googleapis.com/auth/monitoring"
                ],
                "preemptible": false,
                "service_account": "default",
                "shielded_instance_config": [
                  {
                    "enable_integrity_monitoring": true,
                    "enable_secure_boot": false
                  }
                ],
                "spot": false,
                "tags": [
                  "gke-node",
                  "sap-dollar-tree-tst-mg-gke"
                ],
                "taint": [],
                "workload_metadata_config": []
              }
            ],
            "node_count": 3,
            "node_locations": [
              "us-east1-b",
              "us-east1-c",
              "us-east1-d"
            ],
            "operation": null,
            "project": "sap-dollar-tree-tst-mg",
            "timeouts": null,
            "upgrade_settings": [
              {
                "max_surge": 1,
                "max_unavailable": 0
              }
            ],
            "version": "1.25.8-gke.500"
          },
          "sensitive_attributes": [],
          "private": "eyJlMmJmYjczMC1lY2FhLTExZTYtOGY4OC0zNDM2M2JjN2M0YzAiOnsiY3JlYXRlIjoxODAwMDAwMDAwMDAwLCJkZWxldGUiOjE4MDAwMDAwMDAwMDAsInVwZGF0ZSI6MTgwMDAwMDAwMDAwMH0sInNjaGVtYV92ZXJzaW9uIjoiMSJ9",
          "dependencies": [
            "google_compute_network.vpc",
            "google_compute_subnetwork.subnet",
            "google_container_cluster.primary"
          ]
        }
      ]
    }
  ],
  "check_results": null
}
